
Microsoft Visual Studio Solution File, Format Version 12.00
# Visual Studio Version 17
VisualStudioVersion = 17.1.32421.90
MinimumVisualStudioVersion = 10.0.40219.1
Project("{FAE04EC0-301F-11D3-BF4B-00C04F79EFBC}") = "Câmara-mento - Juan Montoya", "Câmara-mento - Juan Montoya\Câmara-mento - Juan Montoya.csproj", "{D845E6C9-9E85-4AA2-AAD5-4BC51E04C896}"
EndProject
Global
	GlobalSection(SolutionConfigurationPlatforms) = preSolution
		Debug|Any CPU = Debug|Any CPU
		Release|Any CPU = Release|Any CPU
	EndGlobalSection
	GlobalSection(ProjectConfigurationPlatforms) = postSolution
		{D845E6C9-9E85-4AA2-AAD5-4BC51E04C896}.Debug|Any CPU.ActiveCfg = Debug|Any CPU
		{D845E6C9-9E85-4AA2-AAD5-4BC51E04C896}.Debug|Any CPU.Build.0 = Debug|Any CPU
		{D845E6C9-9E85-4AA2-AAD5-4BC51E04C896}.Release|Any CPU.ActiveCfg = Release|Any CPU
		{D845E6C9-9E85-4AA2-AAD5-4BC51E04C896}.Release|Any CPU.Build.0 = Release|Any CPU
	EndGlobalSection
	GlobalSection(SolutionProperties) = preSolution
		HideSolutionNode = FALSE
	EndGlobalSection
	GlobalSection(ExtensibilityGlobals) = postSolution
		SolutionGuid = {02108161-25BC-428E-88E5-61AD02D97ED3}
	EndGlobalSection
EndGlobal
